
Microsoft Visual Studio Solution File, Format Version 12.00
# Visual Studio Version 17
VisualStudioVersion = 17.0.31903.59
MinimumVisualStudioVersion = 10.0.40219.1
Project("{2150E333-8FDC-42A3-9474-1A3956D46DE8}") = "src", "src", "{827E0CD3-B72D-47B6-A68D-7590B98EB39B}"
EndProject
Project("{FAE04EC0-301F-11D3-BF4B-00C04F79EFBC}") = "FarmWorking.Shared", "src\FarmWorking.Shared\FarmWorking.Shared.csproj", "{DE9343D6-AB16-4FF9-9DA8-A4665574FA01}"
EndProject
Project("{FAE04EC0-301F-11D3-BF4B-00C04F79EFBC}") = "FarmWorking.Api", "src\FarmWorking.Api\FarmWorking.Api.csproj", "{2C527214-8C46-47BD-8E2C-85EC4DCA7014}"
EndProject
Project("{FAE04EC0-301F-11D3-BF4B-00C04F79EFBC}") = "FarmWorking.Web", "src\FarmWorking.Web\FarmWorking.Web.csproj", "{03896ABB-0B90-439A-8252-35BD5418D4A8}"
EndProject
Project("{FAE04EC0-301F-11D3-BF4B-00C04F79EFBC}") = "FarmWorking.Domain", "src\FarmWorking.Domain\FarmWorking.Domain.csproj", "{52D9E130-2E23-4D1F-98AC-DF1E4C2AF8D2}"
EndProject
Project("{FAE04EC0-301F-11D3-BF4B-00C04F79EFBC}") = "FarmWorking.Application", "src\FarmWorking.Application\FarmWorking.Application.csproj", "{572C7420-1F77-4760-815E-7BF829E552A0}"
EndProject
Project("{FAE04EC0-301F-11D3-BF4B-00C04F79EFBC}") = "FarmWorking.Infrastructure", "src\FarmWorking.Infrastructure\FarmWorking.Infrastructure.csproj", "{DFCA1DB6-8971-439F-82C9-3F52DFCA26C1}"
EndProject
Global
	GlobalSection(SolutionConfigurationPlatforms) = preSolution
		Debug|Any CPU = Debug|Any CPU
		Debug|x64 = Debug|x64
		Debug|x86 = Debug|x86
		Release|Any CPU = Release|Any CPU
		Release|x64 = Release|x64
		Release|x86 = Release|x86
	EndGlobalSection
	GlobalSection(ProjectConfigurationPlatforms) = postSolution
		{DE9343D6-AB16-4FF9-9DA8-A4665574FA01}.Debug|Any CPU.ActiveCfg = Debug|Any CPU
		{DE9343D6-AB16-4FF9-9DA8-A4665574FA01}.Debug|Any CPU.Build.0 = Debug|Any CPU
		{DE9343D6-AB16-4FF9-9DA8-A4665574FA01}.Debug|x64.ActiveCfg = Debug|Any CPU
		{DE9343D6-AB16-4FF9-9DA8-A4665574FA01}.Debug|x64.Build.0 = Debug|Any CPU
		{DE9343D6-AB16-4FF9-9DA8-A4665574FA01}.Debug|x86.ActiveCfg = Debug|Any CPU
		{DE9343D6-AB16-4FF9-9DA8-A4665574FA01}.Debug|x86.Build.0 = Debug|Any CPU
		{DE9343D6-AB16-4FF9-9DA8-A4665574FA01}.Release|Any CPU.ActiveCfg = Release|Any CPU
		{DE9343D6-AB16-4FF9-9DA8-A4665574FA01}.Release|Any CPU.Build.0 = Release|Any CPU
		{DE9343D6-AB16-4FF9-9DA8-A4665574FA01}.Release|x64.ActiveCfg = Release|Any CPU
		{DE9343D6-AB16-4FF9-9DA8-A4665574FA01}.Release|x64.Build.0 = Release|Any CPU
		{DE9343D6-AB16-4FF9-9DA8-A4665574FA01}.Release|x86.ActiveCfg = Release|Any CPU
		{DE9343D6-AB16-4FF9-9DA8-A4665574FA01}.Release|x86.Build.0 = Release|Any CPU
		{2C527214-8C46-47BD-8E2C-85EC4DCA7014}.Debug|Any CPU.ActiveCfg = Debug|Any CPU
		{2C527214-8C46-47BD-8E2C-85EC4DCA7014}.Debug|Any CPU.Build.0 = Debug|Any CPU
		{2C527214-8C46-47BD-8E2C-85EC4DCA7014}.Debug|x64.ActiveCfg = Debug|Any CPU
		{2C527214-8C46-47BD-8E2C-85EC4DCA7014}.Debug|x64.Build.0 = Debug|Any CPU
		{2C527214-8C46-47BD-8E2C-85EC4DCA7014}.Debug|x86.ActiveCfg = Debug|Any CPU
		{2C527214-8C46-47BD-8E2C-85EC4DCA7014}.Debug|x86.Build.0 = Debug|Any CPU
		{2C527214-8C46-47BD-8E2C-85EC4DCA7014}.Release|Any CPU.ActiveCfg = Release|Any CPU
		{2C527214-8C46-47BD-8E2C-85EC4DCA7014}.Release|Any CPU.Build.0 = Release|Any CPU
		{2C527214-8C46-47BD-8E2C-85EC4DCA7014}.Release|x64.ActiveCfg = Release|Any CPU
		{2C527214-8C46-47BD-8E2C-85EC4DCA7014}.Release|x64.Build.0 = Release|Any CPU
		{2C527214-8C46-47BD-8E2C-85EC4DCA7014}.Release|x86.ActiveCfg = Release|Any CPU
		{2C527214-8C46-47BD-8E2C-85EC4DCA7014}.Release|x86.Build.0 = Release|Any CPU
		{03896ABB-0B90-439A-8252-35BD5418D4A8}.Debug|Any CPU.ActiveCfg = Debug|Any CPU
		{03896ABB-0B90-439A-8252-35BD5418D4A8}.Debug|Any CPU.Build.0 = Debug|Any CPU
		{03896ABB-0B90-439A-8252-35BD5418D4A8}.Debug|x64.ActiveCfg = Debug|Any CPU
		{03896ABB-0B90-439A-8252-35BD5418D4A8}.Debug|x64.Build.0 = Debug|Any CPU
		{03896ABB-0B90-439A-8252-35BD5418D4A8}.Debug|x86.ActiveCfg = Debug|Any CPU
		{03896ABB-0B90-439A-8252-35BD5418D4A8}.Debug|x86.Build.0 = Debug|Any CPU
		{03896ABB-0B90-439A-8252-35BD5418D4A8}.Release|Any CPU.ActiveCfg = Release|Any CPU
		{03896ABB-0B90-439A-8252-35BD5418D4A8}.Release|Any CPU.Build.0 = Release|Any CPU
		{03896ABB-0B90-439A-8252-35BD5418D4A8}.Release|x64.ActiveCfg = Release|Any CPU
		{03896ABB-0B90-439A-8252-35BD5418D4A8}.Release|x64.Build.0 = Release|Any CPU
		{03896ABB-0B90-439A-8252-35BD5418D4A8}.Release|x86.ActiveCfg = Release|Any CPU
		{03896ABB-0B90-439A-8252-35BD5418D4A8}.Release|x86.Build.0 = Release|Any CPU
		{52D9E130-2E23-4D1F-98AC-DF1E4C2AF8D2}.Debug|Any CPU.ActiveCfg = Debug|Any CPU
		{52D9E130-2E23-4D1F-98AC-DF1E4C2AF8D2}.Debug|Any CPU.Build.0 = Debug|Any CPU
		{52D9E130-2E23-4D1F-98AC-DF1E4C2AF8D2}.Debug|x64.ActiveCfg = Debug|Any CPU
		{52D9E130-2E23-4D1F-98AC-DF1E4C2AF8D2}.Debug|x64.Build.0 = Debug|Any CPU
		{52D9E130-2E23-4D1F-98AC-DF1E4C2AF8D2}.Debug|x86.ActiveCfg = Debug|Any CPU
		{52D9E130-2E23-4D1F-98AC-DF1E4C2AF8D2}.Debug|x86.Build.0 = Debug|Any CPU
		{52D9E130-2E23-4D1F-98AC-DF1E4C2AF8D2}.Release|Any CPU.ActiveCfg = Release|Any CPU
		{52D9E130-2E23-4D1F-98AC-DF1E4C2AF8D2}.Release|Any CPU.Build.0 = Release|Any CPU
		{52D9E130-2E23-4D1F-98AC-DF1E4C2AF8D2}.Release|x64.ActiveCfg = Release|Any CPU
		{52D9E130-2E23-4D1F-98AC-DF1E4C2AF8D2}.Release|x64.Build.0 = Release|Any CPU
		{52D9E130-2E23-4D1F-98AC-DF1E4C2AF8D2}.Release|x86.ActiveCfg = Release|Any CPU
		{52D9E130-2E23-4D1F-98AC-DF1E4C2AF8D2}.Release|x86.Build.0 = Release|Any CPU
		{572C7420-1F77-4760-815E-7BF829E552A0}.Debug|Any CPU.ActiveCfg = Debug|Any CPU
		{572C7420-1F77-4760-815E-7BF829E552A0}.Debug|Any CPU.Build.0 = Debug|Any CPU
		{572C7420-1F77-4760-815E-7BF829E552A0}.Debug|x64.ActiveCfg = Debug|Any CPU
		{572C7420-1F77-4760-815E-7BF829E552A0}.Debug|x64.Build.0 = Debug|Any CPU
		{572C7420-1F77-4760-815E-7BF829E552A0}.Debug|x86.ActiveCfg = Debug|Any CPU
		{572C7420-1F77-4760-815E-7BF829E552A0}.Debug|x86.Build.0 = Debug|Any CPU
		{572C7420-1F77-4760-815E-7BF829E552A0}.Release|Any CPU.ActiveCfg = Release|Any CPU
		{572C7420-1F77-4760-815E-7BF829E552A0}.Release|Any CPU.Build.0 = Release|Any CPU
		{572C7420-1F77-4760-815E-7BF829E552A0}.Release|x64.ActiveCfg = Release|Any CPU
		{572C7420-1F77-4760-815E-7BF829E552A0}.Release|x64.Build.0 = Release|Any CPU
		{572C7420-1F77-4760-815E-7BF829E552A0}.Release|x86.ActiveCfg = Release|Any CPU
		{572C7420-1F77-4760-815E-7BF829E552A0}.Release|x86.Build.0 = Release|Any CPU
		{DFCA1DB6-8971-439F-82C9-3F52DFCA26C1}.Debug|Any CPU.ActiveCfg = Debug|Any CPU
		{DFCA1DB6-8971-439F-82C9-3F52DFCA26C1}.Debug|Any CPU.Build.0 = Debug|Any CPU
		{DFCA1DB6-8971-439F-82C9-3F52DFCA26C1}.Debug|x64.ActiveCfg = Debug|Any CPU
		{DFCA1DB6-8971-439F-82C9-3F52DFCA26C1}.Debug|x64.Build.0 = Debug|Any CPU
		{DFCA1DB6-8971-439F-82C9-3F52DFCA26C1}.Debug|x86.ActiveCfg = Debug|Any CPU
		{DFCA1DB6-8971-439F-82C9-3F52DFCA26C1}.Debug|x86.Build.0 = Debug|Any CPU
		{DFCA1DB6-8971-439F-82C9-3F52DFCA26C1}.Release|Any CPU.ActiveCfg = Release|Any CPU
		{DFCA1DB6-8971-439F-82C9-3F52DFCA26C1}.Release|Any CPU.Build.0 = Release|Any CPU
		{DFCA1DB6-8971-439F-82C9-3F52DFCA26C1}.Release|x64.ActiveCfg = Release|Any CPU
		{DFCA1DB6-8971-439F-82C9-3F52DFCA26C1}.Release|x64.Build.0 = Release|Any CPU
		{DFCA1DB6-8971-439F-82C9-3F52DFCA26C1}.Release|x86.ActiveCfg = Release|Any CPU
		{DFCA1DB6-8971-439F-82C9-3F52DFCA26C1}.Release|x86.Build.0 = Release|Any CPU
	EndGlobalSection
	GlobalSection(SolutionProperties) = preSolution
		HideSolutionNode = FALSE
	EndGlobalSection
	GlobalSection(NestedProjects) = preSolution
		{DE9343D6-AB16-4FF9-9DA8-A4665574FA01} = {827E0CD3-B72D-47B6-A68D-7590B98EB39B}
		{2C527214-8C46-47BD-8E2C-85EC4DCA7014} = {827E0CD3-B72D-47B6-A68D-7590B98EB39B}
		{03896ABB-0B90-439A-8252-35BD5418D4A8} = {827E0CD3-B72D-47B6-A68D-7590B98EB39B}
		{52D9E130-2E23-4D1F-98AC-DF1E4C2AF8D2} = {827E0CD3-B72D-47B6-A68D-7590B98EB39B}
		{572C7420-1F77-4760-815E-7BF829E552A0} = {827E0CD3-B72D-47B6-A68D-7590B98EB39B}
		{DFCA1DB6-8971-439F-82C9-3F52DFCA26C1} = {827E0CD3-B72D-47B6-A68D-7590B98EB39B}
	EndGlobalSection
EndGlobal
